
Microsoft Visual Studio Solution File, Format Version 12.00
# Visual Studio 15
VisualStudioVersion = 15.0.28307.757
MinimumVisualStudioVersion = 10.0.40219.1
Project("{FAE04EC0-301F-11D3-BF4B-00C04F79EFBC}") = "EmlakMvc", "EmlakMvc\EmlakMvc.csproj", "{19051025-F1B9-4D3B-A40C-3C4266C8B8CB}"
EndProject
Project("{FAE04EC0-301F-11D3-BF4B-00C04F79EFBC}") = "DataAccesLayer", "DataAccesLayer\DataAccesLayer.csproj", "{1C925D5F-93CB-404D-83B8-052219E67380}"
EndProject
Global
	GlobalSection(SolutionConfigurationPlatforms) = preSolution
		Debug|Any CPU = Debug|Any CPU
		Release|Any CPU = Release|Any CPU
	EndGlobalSection
	GlobalSection(ProjectConfigurationPlatforms) = postSolution
		{19051025-F1B9-4D3B-A40C-3C4266C8B8CB}.Debug|Any CPU.ActiveCfg = Debug|Any CPU
		{19051025-F1B9-4D3B-A40C-3C4266C8B8CB}.Debug|Any CPU.Build.0 = Debug|Any CPU
		{19051025-F1B9-4D3B-A40C-3C4266C8B8CB}.Release|Any CPU.ActiveCfg = Release|Any CPU
		{19051025-F1B9-4D3B-A40C-3C4266C8B8CB}.Release|Any CPU.Build.0 = Release|Any CPU
		{1C925D5F-93CB-404D-83B8-052219E67380}.Debug|Any CPU.ActiveCfg = Debug|Any CPU
		{1C925D5F-93CB-404D-83B8-052219E67380}.Debug|Any CPU.Build.0 = Debug|Any CPU
		{1C925D5F-93CB-404D-83B8-052219E67380}.Release|Any CPU.ActiveCfg = Release|Any CPU
		{1C925D5F-93CB-404D-83B8-052219E67380}.Release|Any CPU.Build.0 = Release|Any CPU
	EndGlobalSection
	GlobalSection(SolutionProperties) = preSolution
		HideSolutionNode = FALSE
	EndGlobalSection
	GlobalSection(ExtensibilityGlobals) = postSolution
		SolutionGuid = {E6F1763C-783F-49AC-8B38-FF7B84E2F963}
	EndGlobalSection
EndGlobal
